
Microsoft Visual Studio Solution File, Format Version 12.00
# Visual Studio Version 16
VisualStudioVersion = 16.0.28729.10
MinimumVisualStudioVersion = 10.0.40219.1
Project("{9A19103F-16F7-4668-BE54-9A1E7A4F7556}") = "Romanesco.Test", "Romanesco.Test\Romanesco.Test.csproj", "{C3F8D5D8-1337-416F-8F5C-CA8795419A46}"
EndProject
Project("{9A19103F-16F7-4668-BE54-9A1E7A4F7556}") = "Romanesco.Model", "Romanesco.Model\Romanesco.Model.csproj", "{B041626D-DDB6-439E-8477-4992BC88B264}"
EndProject
Project("{9A19103F-16F7-4668-BE54-9A1E7A4F7556}") = "Romanesco.ViewModel", "Romanesco.ViewModel\Romanesco.ViewModel.csproj", "{D925AEC5-428C-4269-AADD-3CA18C685C86}"
EndProject
Project("{9A19103F-16F7-4668-BE54-9A1E7A4F7556}") = "Romanesco.View", "Romanesco.View\Romanesco.View.csproj", "{16FBCB0F-5B91-47A1-AEC3-C04E9D5C87D1}"
EndProject
Project("{9A19103F-16F7-4668-BE54-9A1E7A4F7556}") = "Romanesco.Interface", "Romanesco.Interface\Romanesco.Interface.csproj", "{EEAA1C9E-3526-4ECA-8C4F-5D25772A9085}"
EndProject
Project("{9A19103F-16F7-4668-BE54-9A1E7A4F7556}") = "Romanesco", "Romanesco\Romanesco.csproj", "{609FEC82-18E6-4A12-8632-1D3FE785F1D3}"
EndProject
Project("{FAE04EC0-301F-11D3-BF4B-00C04F79EFBC}") = "Romanesco.BuiltinPlugin", "Romanesco.BuiltinPlugin\Romanesco.BuiltinPlugin.csproj", "{7BACE71E-2D77-43D1-A31E-152F99383ED1}"
EndProject
Global
	GlobalSection(SolutionConfigurationPlatforms) = preSolution
		Debug|Any CPU = Debug|Any CPU
		Release|Any CPU = Release|Any CPU
	EndGlobalSection
	GlobalSection(ProjectConfigurationPlatforms) = postSolution
		{C3F8D5D8-1337-416F-8F5C-CA8795419A46}.Debug|Any CPU.ActiveCfg = Debug|Any CPU
		{C3F8D5D8-1337-416F-8F5C-CA8795419A46}.Debug|Any CPU.Build.0 = Debug|Any CPU
		{C3F8D5D8-1337-416F-8F5C-CA8795419A46}.Release|Any CPU.ActiveCfg = Release|Any CPU
		{C3F8D5D8-1337-416F-8F5C-CA8795419A46}.Release|Any CPU.Build.0 = Release|Any CPU
		{B041626D-DDB6-439E-8477-4992BC88B264}.Debug|Any CPU.ActiveCfg = Debug|Any CPU
		{B041626D-DDB6-439E-8477-4992BC88B264}.Debug|Any CPU.Build.0 = Debug|Any CPU
		{B041626D-DDB6-439E-8477-4992BC88B264}.Release|Any CPU.ActiveCfg = Release|Any CPU
		{B041626D-DDB6-439E-8477-4992BC88B264}.Release|Any CPU.Build.0 = Release|Any CPU
		{D925AEC5-428C-4269-AADD-3CA18C685C86}.Debug|Any CPU.ActiveCfg = Debug|Any CPU
		{D925AEC5-428C-4269-AADD-3CA18C685C86}.Debug|Any CPU.Build.0 = Debug|Any CPU
		{D925AEC5-428C-4269-AADD-3CA18C685C86}.Release|Any CPU.ActiveCfg = Release|Any CPU
		{D925AEC5-428C-4269-AADD-3CA18C685C86}.Release|Any CPU.Build.0 = Release|Any CPU
		{16FBCB0F-5B91-47A1-AEC3-C04E9D5C87D1}.Debug|Any CPU.ActiveCfg = Debug|Any CPU
		{16FBCB0F-5B91-47A1-AEC3-C04E9D5C87D1}.Debug|Any CPU.Build.0 = Debug|Any CPU
		{16FBCB0F-5B91-47A1-AEC3-C04E9D5C87D1}.Release|Any CPU.ActiveCfg = Release|Any CPU
		{16FBCB0F-5B91-47A1-AEC3-C04E9D5C87D1}.Release|Any CPU.Build.0 = Release|Any CPU
		{EEAA1C9E-3526-4ECA-8C4F-5D25772A9085}.Debug|Any CPU.ActiveCfg = Debug|Any CPU
		{EEAA1C9E-3526-4ECA-8C4F-5D25772A9085}.Debug|Any CPU.Build.0 = Debug|Any CPU
		{EEAA1C9E-3526-4ECA-8C4F-5D25772A9085}.Release|Any CPU.ActiveCfg = Release|Any CPU
		{EEAA1C9E-3526-4ECA-8C4F-5D25772A9085}.Release|Any CPU.Build.0 = Release|Any CPU
		{609FEC82-18E6-4A12-8632-1D3FE785F1D3}.Debug|Any CPU.ActiveCfg = Debug|Any CPU
		{609FEC82-18E6-4A12-8632-1D3FE785F1D3}.Debug|Any CPU.Build.0 = Debug|Any CPU
		{609FEC82-18E6-4A12-8632-1D3FE785F1D3}.Release|Any CPU.ActiveCfg = Release|Any CPU
		{609FEC82-18E6-4A12-8632-1D3FE785F1D3}.Release|Any CPU.Build.0 = Release|Any CPU
		{7BACE71E-2D77-43D1-A31E-152F99383ED1}.Debug|Any CPU.ActiveCfg = Debug|Any CPU
		{7BACE71E-2D77-43D1-A31E-152F99383ED1}.Debug|Any CPU.Build.0 = Debug|Any CPU
		{7BACE71E-2D77-43D1-A31E-152F99383ED1}.Release|Any CPU.ActiveCfg = Release|Any CPU
		{7BACE71E-2D77-43D1-A31E-152F99383ED1}.Release|Any CPU.Build.0 = Release|Any CPU
	EndGlobalSection
	GlobalSection(SolutionProperties) = preSolution
		HideSolutionNode = FALSE
	EndGlobalSection
	GlobalSection(ExtensibilityGlobals) = postSolution
		SolutionGuid = {87D5578B-44E4-4B3D-8D5F-9B5D1879A11D}
	EndGlobalSection
EndGlobal
