
Microsoft Visual Studio Solution File, Format Version 12.00
# Visual Studio Version 17
VisualStudioVersion = 17.0.32014.148
MinimumVisualStudioVersion = 10.0.40219.1
Project("{9A19103F-16F7-4668-BE54-9A1E7A4F7556}") = "Romanesco.BuiltinPlugin", "BuiltinPlugin\Romanesco.BuiltinPlugin\Romanesco.BuiltinPlugin.csproj", "{7BACE71E-2D77-43D1-A31E-152F99383ED1}"
EndProject
Project("{2150E333-8FDC-42A3-9474-1A3956D46DE8}") = "BuiltinPlugin", "BuiltinPlugin", "{F5D542FD-12EF-4403-90D7-341A515BE1C9}"
	ProjectSection(SolutionItems) = preProject
		Directory.Build.props = Directory.Build.props
	EndProjectSection
EndProject
Project("{9A19103F-16F7-4668-BE54-9A1E7A4F7556}") = "Romanesco.BuiltinPlugin.Test", "BuiltinPlugin\Romanesco.BuiltinPlugin.Test\Romanesco.BuiltinPlugin.Test.csproj", "{D71384DB-B0E8-4880-838C-8D08B1EA0B7E}"
EndProject
Project("{2150E333-8FDC-42A3-9474-1A3956D46DE8}") = "Common", "Common", "{84731ACB-BD59-4E85-9035-33D086452815}"
EndProject
Project("{9A19103F-16F7-4668-BE54-9A1E7A4F7556}") = "Romanesco.BuiltinPlugin.Model", "BuiltinPlugin\Romanesco.BuiltinPlugin.Model\Romanesco.BuiltinPlugin.Model.csproj", "{7B1BDDEB-C5BF-4D85-B19A-17EDC3C25E3E}"
EndProject
Project("{9A19103F-16F7-4668-BE54-9A1E7A4F7556}") = "Romanesco.BuiltinPlugin.ViewModel", "BuiltinPlugin\Romanesco.BuiltinPlugin.ViewModel\Romanesco.BuiltinPlugin.ViewModel.csproj", "{B9A61CF7-E7EF-4818-A7D9-104348085269}"
EndProject
Project("{9A19103F-16F7-4668-BE54-9A1E7A4F7556}") = "Romanesco.BuiltinPlugin.View", "BuiltinPlugin\Romanesco.BuiltinPlugin.View\Romanesco.BuiltinPlugin.View.csproj", "{81F27CD5-A10E-479F-ABFF-3C8DD1D98B7C}"
EndProject
Project("{2150E333-8FDC-42A3-9474-1A3956D46DE8}") = "Host", "Host", "{01C5DEF4-E315-4138-9843-56169C7073D0}"
EndProject
Project("{2150E333-8FDC-42A3-9474-1A3956D46DE8}") = "External", "External", "{9B3D8DEE-1861-41DD-908E-D41236555B5B}"
EndProject
Project("{9A19103F-16F7-4668-BE54-9A1E7A4F7556}") = "NacHelpers", "submodules\NacHelper\NacHelpers\NacHelpers.csproj", "{973E7462-79FA-43F6-82C3-185749965451}"
EndProject
Project("{2150E333-8FDC-42A3-9474-1A3956D46DE8}") = "Solution Items", "Solution Items", "{8315B547-3B96-42D3-901D-62376D548FC1}"
	ProjectSection(SolutionItems) = preProject
		.editorconfig = .editorconfig
		Directory.Build.props = Directory.Build.props
	EndProjectSection
EndProject
Project("{9A19103F-16F7-4668-BE54-9A1E7A4F7556}") = "Romanesco.Styles", "Common\Romanesco.Styles\Romanesco.Styles.csproj", "{E238D36A-6F79-478D-BFD6-76607FDE6FDF}"
EndProject
Project("{9A19103F-16F7-4668-BE54-9A1E7A4F7556}") = "Romanesco.Annotations", "Common\Romanesco.Annotations\Romanesco.Annotations.csproj", "{A89713AB-DEFC-4B22-BA05-D756374BFC28}"
EndProject
Project("{9A19103F-16F7-4668-BE54-9A1E7A4F7556}") = "Romanesco.Common.Model", "Common\Romanesco.Common.Model\Romanesco.Common.Model.csproj", "{DE68339A-CCCC-4D64-8EE1-E67D57079894}"
EndProject
Project("{9A19103F-16F7-4668-BE54-9A1E7A4F7556}") = "Romanesco.Common.ViewModel", "Common\Romanesco.Common.ViewModel\Romanesco.Common.ViewModel.csproj", "{853A88F7-27A7-471A-9C08-954E7837048D}"
EndProject
Project("{9A19103F-16F7-4668-BE54-9A1E7A4F7556}") = "Romanesco.Common.View", "Common\Romanesco.Common.View\Romanesco.Common.View.csproj", "{066C0612-8FBF-47FE-A546-5A1EA846B9BF}"
EndProject
Project("{9A19103F-16F7-4668-BE54-9A1E7A4F7556}") = "Romanesco.Common.Extensibility", "Common\Romanesco.Common.Extensibility\Romanesco.Common.Extensibility.csproj", "{5749DE67-5784-4A14-A14B-9DC2391D88D4}"
EndProject
Project("{9A19103F-16F7-4668-BE54-9A1E7A4F7556}") = "Romanesco.Model", "Host\Romanesco.Model\Romanesco.Model.csproj", "{6B5F17D2-C6D8-49E1-A258-C3C8A8ABEAB7}"
EndProject
Project("{9A19103F-16F7-4668-BE54-9A1E7A4F7556}") = "Romanesco.ViewModel", "Host\Romanesco.ViewModel\Romanesco.ViewModel.csproj", "{DFB51E1B-77A4-43ED-ADF9-4B777CB4E52C}"
EndProject
Project("{9A19103F-16F7-4668-BE54-9A1E7A4F7556}") = "Romanesco.View", "Host\Romanesco.View\Romanesco.View.csproj", "{B5D53375-4880-4B4B-B892-A15F1EED1E46}"
EndProject
Project("{9A19103F-16F7-4668-BE54-9A1E7A4F7556}") = "Romanesco", "Host\Romanesco\Romanesco.csproj", "{2D6F1831-7EE1-469A-8C58-6ED39926EA9D}"
EndProject
Project("{9A19103F-16F7-4668-BE54-9A1E7A4F7556}") = "Romanesco.Test", "Host\Romanesco.Test\Romanesco.Test.csproj", "{4AB38475-CEC5-4484-B480-559756E3BE95}"
EndProject
Project("{9A19103F-16F7-4668-BE54-9A1E7A4F7556}") = "Romanesco.ViewModel.Test", "Romanesco.ViewModel.Test\Romanesco.ViewModel.Test.csproj", "{19FB8267-3621-4BA2-8715-3878BB1F3CC7}"
EndProject
Project("{FAE04EC0-301F-11D3-BF4B-00C04F79EFBC}") = "ConsoleApp1", "ConsoleApp1\ConsoleApp1.csproj", "{95C95A51-EEAE-41FC-935F-31787FABCA39}"
EndProject
Global
	GlobalSection(SolutionConfigurationPlatforms) = preSolution
		Debug|Any CPU = Debug|Any CPU
		Debug|x64 = Debug|x64
		Release|Any CPU = Release|Any CPU
		Release|x64 = Release|x64
	EndGlobalSection
	GlobalSection(ProjectConfigurationPlatforms) = postSolution
		{7BACE71E-2D77-43D1-A31E-152F99383ED1}.Debug|Any CPU.ActiveCfg = Debug|Any CPU
		{7BACE71E-2D77-43D1-A31E-152F99383ED1}.Debug|Any CPU.Build.0 = Debug|Any CPU
		{7BACE71E-2D77-43D1-A31E-152F99383ED1}.Debug|x64.ActiveCfg = Debug|x64
		{7BACE71E-2D77-43D1-A31E-152F99383ED1}.Debug|x64.Build.0 = Debug|x64
		{7BACE71E-2D77-43D1-A31E-152F99383ED1}.Release|Any CPU.ActiveCfg = Release|Any CPU
		{7BACE71E-2D77-43D1-A31E-152F99383ED1}.Release|Any CPU.Build.0 = Release|Any CPU
		{7BACE71E-2D77-43D1-A31E-152F99383ED1}.Release|x64.ActiveCfg = Release|x64
		{7BACE71E-2D77-43D1-A31E-152F99383ED1}.Release|x64.Build.0 = Release|x64
		{D71384DB-B0E8-4880-838C-8D08B1EA0B7E}.Debug|Any CPU.ActiveCfg = Debug|Any CPU
		{D71384DB-B0E8-4880-838C-8D08B1EA0B7E}.Debug|Any CPU.Build.0 = Debug|Any CPU
		{D71384DB-B0E8-4880-838C-8D08B1EA0B7E}.Debug|x64.ActiveCfg = Debug|x64
		{D71384DB-B0E8-4880-838C-8D08B1EA0B7E}.Debug|x64.Build.0 = Debug|x64
		{D71384DB-B0E8-4880-838C-8D08B1EA0B7E}.Release|Any CPU.ActiveCfg = Release|Any CPU
		{D71384DB-B0E8-4880-838C-8D08B1EA0B7E}.Release|Any CPU.Build.0 = Release|Any CPU
		{D71384DB-B0E8-4880-838C-8D08B1EA0B7E}.Release|x64.ActiveCfg = Release|x64
		{D71384DB-B0E8-4880-838C-8D08B1EA0B7E}.Release|x64.Build.0 = Release|x64
		{7B1BDDEB-C5BF-4D85-B19A-17EDC3C25E3E}.Debug|Any CPU.ActiveCfg = Debug|Any CPU
		{7B1BDDEB-C5BF-4D85-B19A-17EDC3C25E3E}.Debug|Any CPU.Build.0 = Debug|Any CPU
		{7B1BDDEB-C5BF-4D85-B19A-17EDC3C25E3E}.Debug|x64.ActiveCfg = Debug|x64
		{7B1BDDEB-C5BF-4D85-B19A-17EDC3C25E3E}.Debug|x64.Build.0 = Debug|x64
		{7B1BDDEB-C5BF-4D85-B19A-17EDC3C25E3E}.Release|Any CPU.ActiveCfg = Release|Any CPU
		{7B1BDDEB-C5BF-4D85-B19A-17EDC3C25E3E}.Release|Any CPU.Build.0 = Release|Any CPU
		{7B1BDDEB-C5BF-4D85-B19A-17EDC3C25E3E}.Release|x64.ActiveCfg = Release|x64
		{7B1BDDEB-C5BF-4D85-B19A-17EDC3C25E3E}.Release|x64.Build.0 = Release|x64
		{B9A61CF7-E7EF-4818-A7D9-104348085269}.Debug|Any CPU.ActiveCfg = Debug|Any CPU
		{B9A61CF7-E7EF-4818-A7D9-104348085269}.Debug|Any CPU.Build.0 = Debug|Any CPU
		{B9A61CF7-E7EF-4818-A7D9-104348085269}.Debug|x64.ActiveCfg = Debug|x64
		{B9A61CF7-E7EF-4818-A7D9-104348085269}.Debug|x64.Build.0 = Debug|x64
		{B9A61CF7-E7EF-4818-A7D9-104348085269}.Release|Any CPU.ActiveCfg = Release|Any CPU
		{B9A61CF7-E7EF-4818-A7D9-104348085269}.Release|Any CPU.Build.0 = Release|Any CPU
		{B9A61CF7-E7EF-4818-A7D9-104348085269}.Release|x64.ActiveCfg = Release|x64
		{B9A61CF7-E7EF-4818-A7D9-104348085269}.Release|x64.Build.0 = Release|x64
		{81F27CD5-A10E-479F-ABFF-3C8DD1D98B7C}.Debug|Any CPU.ActiveCfg = Debug|Any CPU
		{81F27CD5-A10E-479F-ABFF-3C8DD1D98B7C}.Debug|Any CPU.Build.0 = Debug|Any CPU
		{81F27CD5-A10E-479F-ABFF-3C8DD1D98B7C}.Debug|x64.ActiveCfg = Debug|x64
		{81F27CD5-A10E-479F-ABFF-3C8DD1D98B7C}.Debug|x64.Build.0 = Debug|x64
		{81F27CD5-A10E-479F-ABFF-3C8DD1D98B7C}.Release|Any CPU.ActiveCfg = Release|Any CPU
		{81F27CD5-A10E-479F-ABFF-3C8DD1D98B7C}.Release|Any CPU.Build.0 = Release|Any CPU
		{81F27CD5-A10E-479F-ABFF-3C8DD1D98B7C}.Release|x64.ActiveCfg = Release|x64
		{81F27CD5-A10E-479F-ABFF-3C8DD1D98B7C}.Release|x64.Build.0 = Release|x64
		{973E7462-79FA-43F6-82C3-185749965451}.Debug|Any CPU.ActiveCfg = Debug|Any CPU
		{973E7462-79FA-43F6-82C3-185749965451}.Debug|Any CPU.Build.0 = Debug|Any CPU
		{973E7462-79FA-43F6-82C3-185749965451}.Debug|x64.ActiveCfg = Debug|x64
		{973E7462-79FA-43F6-82C3-185749965451}.Debug|x64.Build.0 = Debug|x64
		{973E7462-79FA-43F6-82C3-185749965451}.Release|Any CPU.ActiveCfg = Release|Any CPU
		{973E7462-79FA-43F6-82C3-185749965451}.Release|Any CPU.Build.0 = Release|Any CPU
		{973E7462-79FA-43F6-82C3-185749965451}.Release|x64.ActiveCfg = Release|x64
		{973E7462-79FA-43F6-82C3-185749965451}.Release|x64.Build.0 = Release|x64
		{E238D36A-6F79-478D-BFD6-76607FDE6FDF}.Debug|Any CPU.ActiveCfg = Debug|Any CPU
		{E238D36A-6F79-478D-BFD6-76607FDE6FDF}.Debug|Any CPU.Build.0 = Debug|Any CPU
		{E238D36A-6F79-478D-BFD6-76607FDE6FDF}.Debug|x64.ActiveCfg = Debug|x64
		{E238D36A-6F79-478D-BFD6-76607FDE6FDF}.Debug|x64.Build.0 = Debug|x64
		{E238D36A-6F79-478D-BFD6-76607FDE6FDF}.Release|Any CPU.ActiveCfg = Release|Any CPU
		{E238D36A-6F79-478D-BFD6-76607FDE6FDF}.Release|Any CPU.Build.0 = Release|Any CPU
		{E238D36A-6F79-478D-BFD6-76607FDE6FDF}.Release|x64.ActiveCfg = Release|x64
		{E238D36A-6F79-478D-BFD6-76607FDE6FDF}.Release|x64.Build.0 = Release|x64
		{A89713AB-DEFC-4B22-BA05-D756374BFC28}.Debug|Any CPU.ActiveCfg = Debug|Any CPU
		{A89713AB-DEFC-4B22-BA05-D756374BFC28}.Debug|Any CPU.Build.0 = Debug|Any CPU
		{A89713AB-DEFC-4B22-BA05-D756374BFC28}.Debug|x64.ActiveCfg = Debug|x64
		{A89713AB-DEFC-4B22-BA05-D756374BFC28}.Debug|x64.Build.0 = Debug|x64
		{A89713AB-DEFC-4B22-BA05-D756374BFC28}.Release|Any CPU.ActiveCfg = Release|Any CPU
		{A89713AB-DEFC-4B22-BA05-D756374BFC28}.Release|Any CPU.Build.0 = Release|Any CPU
		{A89713AB-DEFC-4B22-BA05-D756374BFC28}.Release|x64.ActiveCfg = Release|x64
		{A89713AB-DEFC-4B22-BA05-D756374BFC28}.Release|x64.Build.0 = Release|x64
		{DE68339A-CCCC-4D64-8EE1-E67D57079894}.Debug|Any CPU.ActiveCfg = Debug|Any CPU
		{DE68339A-CCCC-4D64-8EE1-E67D57079894}.Debug|Any CPU.Build.0 = Debug|Any CPU
		{DE68339A-CCCC-4D64-8EE1-E67D57079894}.Debug|x64.ActiveCfg = Debug|x64
		{DE68339A-CCCC-4D64-8EE1-E67D57079894}.Debug|x64.Build.0 = Debug|x64
		{DE68339A-CCCC-4D64-8EE1-E67D57079894}.Release|Any CPU.ActiveCfg = Release|Any CPU
		{DE68339A-CCCC-4D64-8EE1-E67D57079894}.Release|Any CPU.Build.0 = Release|Any CPU
		{DE68339A-CCCC-4D64-8EE1-E67D57079894}.Release|x64.ActiveCfg = Release|x64
		{DE68339A-CCCC-4D64-8EE1-E67D57079894}.Release|x64.Build.0 = Release|x64
		{853A88F7-27A7-471A-9C08-954E7837048D}.Debug|Any CPU.ActiveCfg = Debug|Any CPU
		{853A88F7-27A7-471A-9C08-954E7837048D}.Debug|Any CPU.Build.0 = Debug|Any CPU
		{853A88F7-27A7-471A-9C08-954E7837048D}.Debug|x64.ActiveCfg = Debug|x64
		{853A88F7-27A7-471A-9C08-954E7837048D}.Debug|x64.Build.0 = Debug|x64
		{853A88F7-27A7-471A-9C08-954E7837048D}.Release|Any CPU.ActiveCfg = Release|Any CPU
		{853A88F7-27A7-471A-9C08-954E7837048D}.Release|Any CPU.Build.0 = Release|Any CPU
		{853A88F7-27A7-471A-9C08-954E7837048D}.Release|x64.ActiveCfg = Release|x64
		{853A88F7-27A7-471A-9C08-954E7837048D}.Release|x64.Build.0 = Release|x64
		{066C0612-8FBF-47FE-A546-5A1EA846B9BF}.Debug|Any CPU.ActiveCfg = Debug|Any CPU
		{066C0612-8FBF-47FE-A546-5A1EA846B9BF}.Debug|Any CPU.Build.0 = Debug|Any CPU
		{066C0612-8FBF-47FE-A546-5A1EA846B9BF}.Debug|x64.ActiveCfg = Debug|x64
		{066C0612-8FBF-47FE-A546-5A1EA846B9BF}.Debug|x64.Build.0 = Debug|x64
		{066C0612-8FBF-47FE-A546-5A1EA846B9BF}.Release|Any CPU.ActiveCfg = Release|Any CPU
		{066C0612-8FBF-47FE-A546-5A1EA846B9BF}.Release|Any CPU.Build.0 = Release|Any CPU
		{066C0612-8FBF-47FE-A546-5A1EA846B9BF}.Release|x64.ActiveCfg = Release|x64
		{066C0612-8FBF-47FE-A546-5A1EA846B9BF}.Release|x64.Build.0 = Release|x64
		{5749DE67-5784-4A14-A14B-9DC2391D88D4}.Debug|Any CPU.ActiveCfg = Debug|Any CPU
		{5749DE67-5784-4A14-A14B-9DC2391D88D4}.Debug|Any CPU.Build.0 = Debug|Any CPU
		{5749DE67-5784-4A14-A14B-9DC2391D88D4}.Debug|x64.ActiveCfg = Debug|x64
		{5749DE67-5784-4A14-A14B-9DC2391D88D4}.Debug|x64.Build.0 = Debug|x64
		{5749DE67-5784-4A14-A14B-9DC2391D88D4}.Release|Any CPU.ActiveCfg = Release|Any CPU
		{5749DE67-5784-4A14-A14B-9DC2391D88D4}.Release|Any CPU.Build.0 = Release|Any CPU
		{5749DE67-5784-4A14-A14B-9DC2391D88D4}.Release|x64.ActiveCfg = Release|x64
		{5749DE67-5784-4A14-A14B-9DC2391D88D4}.Release|x64.Build.0 = Release|x64
		{6B5F17D2-C6D8-49E1-A258-C3C8A8ABEAB7}.Debug|Any CPU.ActiveCfg = Debug|Any CPU
		{6B5F17D2-C6D8-49E1-A258-C3C8A8ABEAB7}.Debug|Any CPU.Build.0 = Debug|Any CPU
		{6B5F17D2-C6D8-49E1-A258-C3C8A8ABEAB7}.Debug|x64.ActiveCfg = Debug|x64
		{6B5F17D2-C6D8-49E1-A258-C3C8A8ABEAB7}.Debug|x64.Build.0 = Debug|x64
		{6B5F17D2-C6D8-49E1-A258-C3C8A8ABEAB7}.Release|Any CPU.ActiveCfg = Release|Any CPU
		{6B5F17D2-C6D8-49E1-A258-C3C8A8ABEAB7}.Release|Any CPU.Build.0 = Release|Any CPU
		{6B5F17D2-C6D8-49E1-A258-C3C8A8ABEAB7}.Release|x64.ActiveCfg = Release|x64
		{6B5F17D2-C6D8-49E1-A258-C3C8A8ABEAB7}.Release|x64.Build.0 = Release|x64
		{DFB51E1B-77A4-43ED-ADF9-4B777CB4E52C}.Debug|Any CPU.ActiveCfg = Debug|Any CPU
		{DFB51E1B-77A4-43ED-ADF9-4B777CB4E52C}.Debug|Any CPU.Build.0 = Debug|Any CPU
		{DFB51E1B-77A4-43ED-ADF9-4B777CB4E52C}.Debug|x64.ActiveCfg = Debug|x64
		{DFB51E1B-77A4-43ED-ADF9-4B777CB4E52C}.Debug|x64.Build.0 = Debug|x64
		{DFB51E1B-77A4-43ED-ADF9-4B777CB4E52C}.Release|Any CPU.ActiveCfg = Release|Any CPU
		{DFB51E1B-77A4-43ED-ADF9-4B777CB4E52C}.Release|Any CPU.Build.0 = Release|Any CPU
		{DFB51E1B-77A4-43ED-ADF9-4B777CB4E52C}.Release|x64.ActiveCfg = Release|x64
		{DFB51E1B-77A4-43ED-ADF9-4B777CB4E52C}.Release|x64.Build.0 = Release|x64
		{B5D53375-4880-4B4B-B892-A15F1EED1E46}.Debug|Any CPU.ActiveCfg = Debug|Any CPU
		{B5D53375-4880-4B4B-B892-A15F1EED1E46}.Debug|Any CPU.Build.0 = Debug|Any CPU
		{B5D53375-4880-4B4B-B892-A15F1EED1E46}.Debug|x64.ActiveCfg = Debug|x64
		{B5D53375-4880-4B4B-B892-A15F1EED1E46}.Debug|x64.Build.0 = Debug|x64
		{B5D53375-4880-4B4B-B892-A15F1EED1E46}.Release|Any CPU.ActiveCfg = Release|Any CPU
		{B5D53375-4880-4B4B-B892-A15F1EED1E46}.Release|Any CPU.Build.0 = Release|Any CPU
		{B5D53375-4880-4B4B-B892-A15F1EED1E46}.Release|x64.ActiveCfg = Release|x64
		{B5D53375-4880-4B4B-B892-A15F1EED1E46}.Release|x64.Build.0 = Release|x64
		{2D6F1831-7EE1-469A-8C58-6ED39926EA9D}.Debug|Any CPU.ActiveCfg = Debug|Any CPU
		{2D6F1831-7EE1-469A-8C58-6ED39926EA9D}.Debug|Any CPU.Build.0 = Debug|Any CPU
		{2D6F1831-7EE1-469A-8C58-6ED39926EA9D}.Debug|x64.ActiveCfg = Debug|x64
		{2D6F1831-7EE1-469A-8C58-6ED39926EA9D}.Debug|x64.Build.0 = Debug|x64
		{2D6F1831-7EE1-469A-8C58-6ED39926EA9D}.Release|Any CPU.ActiveCfg = Release|Any CPU
		{2D6F1831-7EE1-469A-8C58-6ED39926EA9D}.Release|Any CPU.Build.0 = Release|Any CPU
		{2D6F1831-7EE1-469A-8C58-6ED39926EA9D}.Release|x64.ActiveCfg = Release|x64
		{2D6F1831-7EE1-469A-8C58-6ED39926EA9D}.Release|x64.Build.0 = Release|x64
		{4AB38475-CEC5-4484-B480-559756E3BE95}.Debug|Any CPU.ActiveCfg = Debug|Any CPU
		{4AB38475-CEC5-4484-B480-559756E3BE95}.Debug|Any CPU.Build.0 = Debug|Any CPU
		{4AB38475-CEC5-4484-B480-559756E3BE95}.Debug|x64.ActiveCfg = Debug|x64
		{4AB38475-CEC5-4484-B480-559756E3BE95}.Debug|x64.Build.0 = Debug|x64
		{4AB38475-CEC5-4484-B480-559756E3BE95}.Release|Any CPU.ActiveCfg = Release|Any CPU
		{4AB38475-CEC5-4484-B480-559756E3BE95}.Release|Any CPU.Build.0 = Release|Any CPU
		{4AB38475-CEC5-4484-B480-559756E3BE95}.Release|x64.ActiveCfg = Release|x64
		{4AB38475-CEC5-4484-B480-559756E3BE95}.Release|x64.Build.0 = Release|x64
		{19FB8267-3621-4BA2-8715-3878BB1F3CC7}.Debug|Any CPU.ActiveCfg = Debug|Any CPU
		{19FB8267-3621-4BA2-8715-3878BB1F3CC7}.Debug|Any CPU.Build.0 = Debug|Any CPU
		{19FB8267-3621-4BA2-8715-3878BB1F3CC7}.Debug|x64.ActiveCfg = Debug|Any CPU
		{19FB8267-3621-4BA2-8715-3878BB1F3CC7}.Debug|x64.Build.0 = Debug|Any CPU
		{19FB8267-3621-4BA2-8715-3878BB1F3CC7}.Release|Any CPU.ActiveCfg = Release|Any CPU
		{19FB8267-3621-4BA2-8715-3878BB1F3CC7}.Release|Any CPU.Build.0 = Release|Any CPU
		{19FB8267-3621-4BA2-8715-3878BB1F3CC7}.Release|x64.ActiveCfg = Release|Any CPU
		{19FB8267-3621-4BA2-8715-3878BB1F3CC7}.Release|x64.Build.0 = Release|Any CPU
		{95C95A51-EEAE-41FC-935F-31787FABCA39}.Debug|Any CPU.ActiveCfg = Debug|Any CPU
		{95C95A51-EEAE-41FC-935F-31787FABCA39}.Debug|Any CPU.Build.0 = Debug|Any CPU
		{95C95A51-EEAE-41FC-935F-31787FABCA39}.Debug|x64.ActiveCfg = Debug|Any CPU
		{95C95A51-EEAE-41FC-935F-31787FABCA39}.Debug|x64.Build.0 = Debug|Any CPU
		{95C95A51-EEAE-41FC-935F-31787FABCA39}.Release|Any CPU.ActiveCfg = Release|Any CPU
		{95C95A51-EEAE-41FC-935F-31787FABCA39}.Release|Any CPU.Build.0 = Release|Any CPU
		{95C95A51-EEAE-41FC-935F-31787FABCA39}.Release|x64.ActiveCfg = Release|Any CPU
		{95C95A51-EEAE-41FC-935F-31787FABCA39}.Release|x64.Build.0 = Release|Any CPU
	EndGlobalSection
	GlobalSection(SolutionProperties) = preSolution
		HideSolutionNode = FALSE
	EndGlobalSection
	GlobalSection(NestedProjects) = preSolution
		{7BACE71E-2D77-43D1-A31E-152F99383ED1} = {F5D542FD-12EF-4403-90D7-341A515BE1C9}
		{D71384DB-B0E8-4880-838C-8D08B1EA0B7E} = {F5D542FD-12EF-4403-90D7-341A515BE1C9}
		{7B1BDDEB-C5BF-4D85-B19A-17EDC3C25E3E} = {F5D542FD-12EF-4403-90D7-341A515BE1C9}
		{B9A61CF7-E7EF-4818-A7D9-104348085269} = {F5D542FD-12EF-4403-90D7-341A515BE1C9}
		{81F27CD5-A10E-479F-ABFF-3C8DD1D98B7C} = {F5D542FD-12EF-4403-90D7-341A515BE1C9}
		{973E7462-79FA-43F6-82C3-185749965451} = {9B3D8DEE-1861-41DD-908E-D41236555B5B}
		{E238D36A-6F79-478D-BFD6-76607FDE6FDF} = {84731ACB-BD59-4E85-9035-33D086452815}
		{A89713AB-DEFC-4B22-BA05-D756374BFC28} = {84731ACB-BD59-4E85-9035-33D086452815}
		{DE68339A-CCCC-4D64-8EE1-E67D57079894} = {84731ACB-BD59-4E85-9035-33D086452815}
		{853A88F7-27A7-471A-9C08-954E7837048D} = {84731ACB-BD59-4E85-9035-33D086452815}
		{066C0612-8FBF-47FE-A546-5A1EA846B9BF} = {84731ACB-BD59-4E85-9035-33D086452815}
		{5749DE67-5784-4A14-A14B-9DC2391D88D4} = {84731ACB-BD59-4E85-9035-33D086452815}
		{6B5F17D2-C6D8-49E1-A258-C3C8A8ABEAB7} = {01C5DEF4-E315-4138-9843-56169C7073D0}
		{DFB51E1B-77A4-43ED-ADF9-4B777CB4E52C} = {01C5DEF4-E315-4138-9843-56169C7073D0}
		{B5D53375-4880-4B4B-B892-A15F1EED1E46} = {01C5DEF4-E315-4138-9843-56169C7073D0}
		{2D6F1831-7EE1-469A-8C58-6ED39926EA9D} = {01C5DEF4-E315-4138-9843-56169C7073D0}
		{4AB38475-CEC5-4484-B480-559756E3BE95} = {01C5DEF4-E315-4138-9843-56169C7073D0}
		{19FB8267-3621-4BA2-8715-3878BB1F3CC7} = {01C5DEF4-E315-4138-9843-56169C7073D0}
	EndGlobalSection
	GlobalSection(ExtensibilityGlobals) = postSolution
		SolutionGuid = {87D5578B-44E4-4B3D-8D5F-9B5D1879A11D}
	EndGlobalSection
EndGlobal
